// !$*UTF8*$!
{
	archiveVersion = 1;
	classes = {
	};
	objectVersion = 48;
	objects = {

/* Begin PBXBuildFile section */
		A84F61211F7AECB60012A20A /* LeagueVC.swift in Sources */ = {isa = PBXBuildFile; fileRef = A84F61201F7AECB50012A20A /* LeagueVC.swift */; };
		A84F61231F7AED000012A20A /* SkillVC.swift in Sources */ = {isa = PBXBuildFile; fileRef = A84F61221F7AED000012A20A /* SkillVC.swift */; };
		A891EECA1F74B4C300DEBB0D /* AppDelegate.swift in Sources */ = {isa = PBXBuildFile; fileRef = A891EEC91F74B4C300DEBB0D /* AppDelegate.swift */; };
		A891EECC1F74B4C300DEBB0D /* WelcomeVC.swift in Sources */ = {isa = PBXBuildFile; fileRef = A891EECB1F74B4C300DEBB0D /* WelcomeVC.swift */; };
		A891EECF1F74B4C400DEBB0D /* Main.storyboard in Resources */ = {isa = PBXBuildFile; fileRef = A891EECD1F74B4C400DEBB0D /* Main.storyboard */; };
		A891EED11F74B4C400DEBB0D /* Assets.xcassets in Resources */ = {isa = PBXBuildFile; fileRef = A891EED01F74B4C400DEBB0D /* Assets.xcassets */; };
		A891EED41F74B4C400DEBB0D /* LaunchScreen.storyboard in Resources */ = {isa = PBXBuildFile; fileRef = A891EED21F74B4C400DEBB0D /* LaunchScreen.storyboard */; };
		A891EEDD1F74BF4B00DEBB0D /* BorderButton.swift in Sources */ = {isa = PBXBuildFile; fileRef = A891EEDC1F74BF4B00DEBB0D /* BorderButton.swift */; };
/* End PBXBuildFile section */

/* Begin PBXFileReference section */
		A84F61201F7AECB50012A20A /* LeagueVC.swift */ = {isa = PBXFileReference; lastKnownFileType = sourcecode.swift; path = LeagueVC.swift; sourceTree = "<group>"; };
		A84F61221F7AED000012A20A /* SkillVC.swift */ = {isa = PBXFileReference; lastKnownFileType = sourcecode.swift; path = SkillVC.swift; sourceTree = "<group>"; };
		A891EEC61F74B4C300DEBB0D /* Swoosh.app */ = {isa = PBXFileReference; explicitFileType = wrapper.application; includeInIndex = 0; path = Swoosh.app; sourceTree = BUILT_PRODUCTS_DIR; };
		A891EEC91F74B4C300DEBB0D /* AppDelegate.swift */ = {isa = PBXFileReference; lastKnownFileType = sourcecode.swift; path = AppDelegate.swift; sourceTree = "<group>"; };
		A891EECB1F74B4C300DEBB0D /* WelcomeVC.swift */ = {isa = PBXFileReference; lastKnownFileType = sourcecode.swift; path = WelcomeVC.swift; sourceTree = "<group>"; };
		A891EECE1F74B4C400DEBB0D /* Base */ = {isa = PBXFileReference; lastKnownFileType = file.storyboard; name = Base; path = Base.lproj/Main.storyboard; sourceTree = "<group>"; };
		A891EED01F74B4C400DEBB0D /* Assets.xcassets */ = {isa = PBXFileReference; lastKnownFileType = folder.assetcatalog; path = Assets.xcassets; sourceTree = "<group>"; };
		A891EED31F74B4C400DEBB0D /* Base */ = {isa = PBXFileReference; lastKnownFileType = file.storyboard; name = Base; path = Base.lproj/LaunchScreen.storyboard; sourceTree = "<group>"; };
		A891EED51F74B4C400DEBB0D /* Info.plist */ = {isa = PBXFileReference; lastKnownFileType = text.plist.xml; path = Info.plist; sourceTree = "<group>"; };
		A891EEDC1F74BF4B00DEBB0D /* BorderButton.swift */ = {isa = PBXFileReference; lastKnownFileType = sourcecode.swift; path = BorderButton.swift; sourceTree = "<group>"; };
/* End PBXFileReference section */

/* Begin PBXFrameworksBuildPhase section */
		A891EEC31F74B4C300DEBB0D /* Frameworks */ = {
			isa = PBXFrameworksBuildPhase;
			buildActionMask = 2147483647;
			files = (
			);
			runOnlyForDeploymentPostprocessing = 0;
		};
/* End PBXFrameworksBuildPhase section */

/* Begin PBXGroup section */
		A84F611E1F7AEB230012A20A /* Controller */ = {
			isa = PBXGroup;
			children = (
				A891EECB1F74B4C300DEBB0D /* WelcomeVC.swift */,
				A84F61201F7AECB50012A20A /* LeagueVC.swift */,
				A84F61221F7AED000012A20A /* SkillVC.swift */,
			);
			path = Controller;
			sourceTree = "<group>";
		};
		A84F611F1F7AEB360012A20A /* Model */ = {
			isa = PBXGroup;
			children = (
			);
			path = Model;
			sourceTree = "<group>";
		};
		A891EEBD1F74B4C300DEBB0D = {
			isa = PBXGroup;
			children = (
				A891EEC81F74B4C300DEBB0D /* Swoosh */,
				A891EEC71F74B4C300DEBB0D /* Products */,
			);
			sourceTree = "<group>";
		};
		A891EEC71F74B4C300DEBB0D /* Products */ = {
			isa = PBXGroup;
			children = (
				A891EEC61F74B4C300DEBB0D /* Swoosh.app */,
			);
			name = Products;
			sourceTree = "<group>";
		};
		A891EEC81F74B4C300DEBB0D /* Swoosh */ = {
			isa = PBXGroup;
			children = (
				A84F611F1F7AEB360012A20A /* Model */,
				A84F611E1F7AEB230012A20A /* Controller */,
				A891EEDB1F74BEFB00DEBB0D /* View */,
				A891EEC91F74B4C300DEBB0D /* AppDelegate.swift */,
				A891EECD1F74B4C400DEBB0D /* Main.storyboard */,
				A891EED01F74B4C400DEBB0D /* Assets.xcassets */,
				A891EED21F74B4C400DEBB0D /* LaunchScreen.storyboard */,
				A891EED51F74B4C400DEBB0D /* Info.plist */,
			);
			path = Swoosh;
			sourceTree = "<group>";
		};
		A891EEDB1F74BEFB00DEBB0D /* View */ = {
			isa = PBXGroup;
			children = (
				A891EEDC1F74BF4B00DEBB0D /* BorderButton.swift */,
			);
			path = View;
			sourceTree = "<group>";
		};
/* End PBXGroup section */

/* Begin PBXNativeTarget section */
		A891EEC51F74B4C300DEBB0D /* Swoosh */ = {
			isa = PBXNativeTarget;
			buildConfigurationList = A891EED81F74B4C400DEBB0D /* Build configuration list for PBXNativeTarget "Swoosh" */;
			buildPhases = (
				A891EEC21F74B4C300DEBB0D /* Sources */,
				A891EEC31F74B4C300DEBB0D /* Frameworks */,
				A891EEC41F74B4C300DEBB0D /* Resources */,
			);
			buildRules = (
			);
			dependencies = (
			);
			name = Swoosh;
			productName = Swoosh;
			productReference = A891EEC61F74B4C300DEBB0D /* Swoosh.app */;
			productType = "com.apple.product-type.application";
		};
/* End PBXNativeTarget section */

/* Begin PBXProject section */
		A891EEBE1F74B4C300DEBB0D /* Project object */ = {
			isa = PBXProject;
			attributes = {
				LastSwiftUpdateCheck = 0900;
				LastUpgradeCheck = 0900;
				ORGANIZATIONNAME = "Luis Calvillo";
				TargetAttributes = {
					A891EEC51F74B4C300DEBB0D = {
						CreatedOnToolsVersion = 9.0;
						ProvisioningStyle = Automatic;
					};
				};
			};
			buildConfigurationList = A891EEC11F74B4C300DEBB0D /* Build configuration list for PBXProject "Swoosh" */;
			compatibilityVersion = "Xcode 8.0";
			developmentRegion = en;
			hasScannedForEncodings = 0;
			knownRegions = (
				en,
				Base,
			);
			mainGroup = A891EEBD1F74B4C300DEBB0D;
			productRefGroup = A891EEC71F74B4C300DEBB0D /* Products */;
			projectDirPath = "";
			projectRoot = "";
			targets = (
				A891EEC51F74B4C300DEBB0D /* Swoosh */,
			);
		};
/* End PBXProject section */

/* Begin PBXResourcesBuildPhase section */
		A891EEC41F74B4C300DEBB0D /* Resources */ = {
			isa = PBXResourcesBuildPhase;
			buildActionMask = 2147483647;
			files = (
				A891EED41F74B4C400DEBB0D /* LaunchScreen.storyboard in Resources */,
				A891EED11F74B4C400DEBB0D /* Assets.xcassets in Resources */,
				A891EECF1F74B4C400DEBB0D /* Main.storyboard in Resources */,
			);
			runOnlyForDeploymentPostprocessing = 0;
		};
/* End PBXResourcesBuildPhase section */

/* Begin PBXSourcesBuildPhase section */
		A891EEC21F74B4C300DEBB0D /* Sources */ = {
			isa = PBXSourcesBuildPhase;
			buildActionMask = 2147483647;
			files = (
				A891EECC1F74B4C300DEBB0D /* WelcomeVC.swift in Sources */,
				A84F61211F7AECB60012A20A /* LeagueVC.swift in Sources */,
				A891EECA1F74B4C300DEBB0D /* AppDelegate.swift in Sources */,
				A84F61231F7AED000012A20A /* SkillVC.swift in Sources */,
				A891EEDD1F74BF4B00DEBB0D /* BorderButton.swift in Sources */,
			);
			runOnlyForDeploymentPostprocessing = 0;
		};
/* End PBXSourcesBuildPhase section */

/* Begin PBXVariantGroup section */
		A891EECD1F74B4C400DEBB0D /* Main.storyboard */ = {
			isa = PBXVariantGroup;
			children = (
				A891EECE1F74B4C400DEBB0D /* Base */,
			);
			name = Main.storyboard;
			sourceTree = "<group>";
		};
		A891EED21F74B4C400DEBB0D /* LaunchScreen.storyboard */ = {
			isa = PBXVariantGroup;
			children = (
				A891EED31F74B4C400DEBB0D /* Base */,
			);
			name = LaunchScreen.storyboard;
			sourceTree = "<group>";
		};
/* End PBXVariantGroup section */

/* Begin XCBuildConfiguration section */
		A891EED61F74B4C400DEBB0D /* Debug */ = {
			isa = XCBuildConfiguration;
			buildSettings = {
				ALWAYS_SEARCH_USER_PATHS = NO;
				CLANG_ANALYZER_NONNULL = YES;
				CLANG_ANALYZER_NUMBER_OBJECT_CONVERSION = YES_AGGRESSIVE;
				CLANG_CXX_LANGUAGE_STANDARD = "gnu++14";
				CLANG_CXX_LIBRARY = "libc++";
				CLANG_ENABLE_MODULES = YES;
				CLANG_ENABLE_OBJC_ARC = YES;
				CLANG_WARN_BLOCK_CAPTURE_AUTORELEASING = YES;
				CLANG_WARN_BOOL_CONVERSION = YES;
				CLANG_WARN_COMMA = YES;
				CLANG_WARN_CONSTANT_CONVERSION = YES;
				CLANG_WARN_DIRECT_OBJC_ISA_USAGE = YES_ERROR;
				CLANG_WARN_DOCUMENTATION_COMMENTS = YES;
				CLANG_WARN_EMPTY_BODY = YES;
				CLANG_WARN_ENUM_CONVERSION = YES;
				CLANG_WARN_INFINITE_RECURSION = YES;
				CLANG_WARN_INT_CONVERSION = YES;
				CLANG_WARN_NON_LITERAL_NULL_CONVERSION = YES;
				CLANG_WARN_OBJC_LITERAL_CONVERSION = YES;
				CLANG_WARN_OBJC_ROOT_CLASS = YES_ERROR;
				CLANG_WARN_RANGE_LOOP_ANALYSIS = YES;
				CLANG_WARN_STRICT_PROTOTYPES = YES;
				CLANG_WARN_SUSPICIOUS_MOVE = YES;
				CLANG_WARN_UNGUARDED_AVAILABILITY = YES_AGGRESSIVE;
				CLANG_WARN_UNREACHABLE_CODE = YES;
				CLANG_WARN__DUPLICATE_METHOD_MATCH = YES;
				CODE_SIGN_IDENTITY = "iPhone Developer";
				COPY_PHASE_STRIP = NO;
				DEBUG_INFORMATION_FORMAT = dwarf;
				ENABLE_STRICT_OBJC_MSGSEND = YES;
				ENABLE_TESTABILITY = YES;
				GCC_C_LANGUAGE_STANDARD = gnu11;
				GCC_DYNAMIC_NO_PIC = NO;
				GCC_NO_COMMON_BLOCKS = YES;
				GCC_OPTIMIZATION_LEVEL = 0;
				GCC_PREPROCESSOR_DEFINITIONS = (
					"DEBUG=1",
					"$(inherited)",
				);
				GCC_WARN_64_TO_32_BIT_CONVERSION = YES;
				GCC_WARN_ABOUT_RETURN_TYPE = YES_ERROR;
				GCC_WARN_UNDECLARED_SELECTOR = YES;
				GCC_WARN_UNINITIALIZED_AUTOS = YES_AGGRESSIVE;
				GCC_WARN_UNUSED_FUNCTION = YES;
				GCC_WARN_UNUSED_VARIABLE = YES;
				IPHONEOS_DEPLOYMENT_TARGET = 11.0;
				MTL_ENABLE_DEBUG_INFO = YES;
				ONLY_ACTIVE_ARCH = YES;
				SDKROOT = iphoneos;
				SWIFT_ACTIVE_COMPILATION_CONDITIONS = DEBUG;
				SWIFT_OPTIMIZATION_LEVEL = "-Onone";
			};
			name = Debug;
		};
		A891EED71F74B4C400DEBB0D /* Release */ = {
			isa = XCBuildConfiguration;
			buildSettings = {
				ALWAYS_SEARCH_USER_PATHS = NO;
				CLANG_ANALYZER_NONNULL = YES;
				CLANG_ANALYZER_NUMBER_OBJECT_CONVERSION = YES_AGGRESSIVE;
				CLANG_CXX_LANGUAGE_STANDARD = "gnu++14";
				CLANG_CXX_LIBRARY = "libc++";
				CLANG_ENABLE_MODULES = YES;
				CLANG_ENABLE_OBJC_ARC = YES;
				CLANG_WARN_BLOCK_CAPTURE_AUTORELEASING = YES;
				CLANG_WARN_BOOL_CONVERSION = YES;
				CLANG_WARN_COMMA = YES;
				CLANG_WARN_CONSTANT_CONVERSION = YES;
				CLANG_WARN_DIRECT_OBJC_ISA_USAGE = YES_ERROR;
				CLANG_WARN_DOCUMENTATION_COMMENTS = YES;
				CLANG_WARN_EMPTY_BODY = YES;
				CLANG_WARN_ENUM_CONVERSION = YES;
				CLANG_WARN_INFINITE_RECURSION = YES;
				CLANG_WARN_INT_CONVERSION = YES;
				CLANG_WARN_NON_LITERAL_NULL_CONVERSION = YES;
				CLANG_WARN_OBJC_LITERAL_CONVERSION = YES;
				CLANG_WARN_OBJC_ROOT_CLASS = YES_ERROR;
				CLANG_WARN_RANGE_LOOP_ANALYSIS = YES;
				CLANG_WARN_STRICT_PROTOTYPES = YES;
				CLANG_WARN_SUSPICIOUS_MOVE = YES;
				CLANG_WARN_UNGUARDED_AVAILABILITY = YES_AGGRESSIVE;
				CLANG_WARN_UNREACHABLE_CODE = YES;
				CLANG_WARN__DUPLICATE_METHOD_MATCH = YES;
				CODE_SIGN_IDENTITY = "iPhone Developer";
				COPY_PHASE_STRIP = NO;
				DEBUG_INFORMATION_FORMAT = "dwarf-with-dsym";
				ENABLE_NS_ASSERTIONS = NO;
				ENABLE_STRICT_OBJC_MSGSEND = YES;
				GCC_C_LANGUAGE_STANDARD = gnu11;
				GCC_NO_COMMON_BLOCKS = YES;
				GCC_WARN_64_TO_32_BIT_CONVERSION = YES;
				GCC_WARN_ABOUT_RETURN_TYPE = YES_ERROR;
				GCC_WARN_UNDECLARED_SELECTOR = YES;
				GCC_WARN_UNINITIALIZED_AUTOS = YES_AGGRESSIVE;
				GCC_WARN_UNUSED_FUNCTION = YES;
				GCC_WARN_UNUSED_VARIABLE = YES;
				IPHONEOS_DEPLOYMENT_TARGET = 11.0;
				MTL_ENABLE_DEBUG_INFO = NO;
				SDKROOT = iphoneos;
				SWIFT_OPTIMIZATION_LEVEL = "-Owholemodule";
				VALIDATE_PRODUCT = YES;
			};
			name = Release;
		};
		A891EED91F74B4C400DEBB0D /* Debug */ = {
			isa = XCBuildConfiguration;
			buildSettings = {
				ASSETCATALOG_COMPILER_APPICON_NAME = AppIcon;
				CODE_SIGN_STYLE = Automatic;
				INFOPLIST_FILE = Swoosh/Info.plist;
				LD_RUNPATH_SEARCH_PATHS = "$(inherited) @executable_path/Frameworks";
				PRODUCT_BUNDLE_IDENTIFIER = com.calvillo.Swoosh;
				PRODUCT_NAME = "$(TARGET_NAME)";
				SWIFT_VERSION = 4.0;
				TARGETED_DEVICE_FAMILY = "1,2";
			};
			name = Debug;
		};
		A891EEDA1F74B4C400DEBB0D /* Release */ = {
			isa = XCBuildConfiguration;
			buildSettings = {
				ASSETCATALOG_COMPILER_APPICON_NAME = AppIcon;
				CODE_SIGN_STYLE = Automatic;
				INFOPLIST_FILE = Swoosh/Info.plist;
				LD_RUNPATH_SEARCH_PATHS = "$(inherited) @executable_path/Frameworks";
				PRODUCT_BUNDLE_IDENTIFIER = com.calvillo.Swoosh;
				PRODUCT_NAME = "$(TARGET_NAME)";
				SWIFT_VERSION = 4.0;
				TARGETED_DEVICE_FAMILY = "1,2";
			};
			name = Release;
		};
/* End XCBuildConfiguration section */

/* Begin XCConfigurationList section */
		A891EEC11F74B4C300DEBB0D /* Build configuration list for PBXProject "Swoosh" */ = {
			isa = XCConfigurationList;
			buildConfigurations = (
				A891EED61F74B4C400DEBB0D /* Debug */,
				A891EED71F74B4C400DEBB0D /* Release */,
			);
			defaultConfigurationIsVisible = 0;
			defaultConfigurationName = Release;
		};
		A891EED81F74B4C400DEBB0D /* Build configuration list for PBXNativeTarget "Swoosh" */ = {
			isa = XCConfigurationList;
			buildConfigurations = (
				A891EED91F74B4C400DEBB0D /* Debug */,
				A891EEDA1F74B4C400DEBB0D /* Release */,
			);
			defaultConfigurationIsVisible = 0;
			defaultConfigurationName = Release;
		};
/* End XCConfigurationList section */
	};
	rootObject = A891EEBE1F74B4C300DEBB0D /* Project object */;
}
